
Microsoft Visual Studio Solution File, Format Version 12.00
# Visual Studio Version 16
VisualStudioVersion = 16.0.29728.190
MinimumVisualStudioVersion = 10.0.40219.1
Project("{FAE04EC0-301F-11D3-BF4B-00C04F79EFBC}") = "AreaCalc.App", "AreaCalcLib\AreaCalc.App.csproj", "{6A022C2F-CBCB-48BC-A465-3F4800809A31}"
EndProject
Project("{FAE04EC0-301F-11D3-BF4B-00C04F79EFBC}") = "AreaCalc", "AreaCalc\AreaCalc.csproj", "{BDCD7773-F7A8-4FFD-8B64-B1D27E6243A8}"
EndProject
Project("{FAE04EC0-301F-11D3-BF4B-00C04F79EFBC}") = "AreaCalc.Tests", "AreaCalc.Tests\AreaCalc.Tests.csproj", "{BE08548C-A9A1-4572-86AB-4FAA7FB18D1C}"
EndProject
Global
	GlobalSection(SolutionConfigurationPlatforms) = preSolution
		Debug|Any CPU = Debug|Any CPU
		Release|Any CPU = Release|Any CPU
	EndGlobalSection
	GlobalSection(ProjectConfigurationPlatforms) = postSolution
		{6A022C2F-CBCB-48BC-A465-3F4800809A31}.Debug|Any CPU.ActiveCfg = Debug|Any CPU
		{6A022C2F-CBCB-48BC-A465-3F4800809A31}.Debug|Any CPU.Build.0 = Debug|Any CPU
		{6A022C2F-CBCB-48BC-A465-3F4800809A31}.Release|Any CPU.ActiveCfg = Release|Any CPU
		{6A022C2F-CBCB-48BC-A465-3F4800809A31}.Release|Any CPU.Build.0 = Release|Any CPU
		{BDCD7773-F7A8-4FFD-8B64-B1D27E6243A8}.Debug|Any CPU.ActiveCfg = Debug|Any CPU
		{BDCD7773-F7A8-4FFD-8B64-B1D27E6243A8}.Debug|Any CPU.Build.0 = Debug|Any CPU
		{BDCD7773-F7A8-4FFD-8B64-B1D27E6243A8}.Release|Any CPU.ActiveCfg = Release|Any CPU
		{BDCD7773-F7A8-4FFD-8B64-B1D27E6243A8}.Release|Any CPU.Build.0 = Release|Any CPU
		{BE08548C-A9A1-4572-86AB-4FAA7FB18D1C}.Debug|Any CPU.ActiveCfg = Debug|Any CPU
		{BE08548C-A9A1-4572-86AB-4FAA7FB18D1C}.Debug|Any CPU.Build.0 = Debug|Any CPU
		{BE08548C-A9A1-4572-86AB-4FAA7FB18D1C}.Release|Any CPU.ActiveCfg = Release|Any CPU
		{BE08548C-A9A1-4572-86AB-4FAA7FB18D1C}.Release|Any CPU.Build.0 = Release|Any CPU
	EndGlobalSection
	GlobalSection(SolutionProperties) = preSolution
		HideSolutionNode = FALSE
	EndGlobalSection
	GlobalSection(ExtensibilityGlobals) = postSolution
		SolutionGuid = {8F0C6885-80C5-4AE5-9283-D3B9CF00DDA9}
	EndGlobalSection
EndGlobal
